{
    "_readme": [
        "This file locks the dependencies of your project to a known state",
        "Read more about it at https://getcomposer.org/doc/01-basic-usage.md#installing-dependencies",
        "This file is @generated automatically"
    ],
    "content-hash": "d16149bb43f8192580ad4fab581d4c45",
    "packages": [
        {
            "name": "giggsey/libphonenumber-for-php",
            "version": "8.10.22",
            "source": {
                "type": "git",
                "url": "https://github.com/giggsey/libphonenumber-for-php.git",
                "reference": "f3a55dcb6fead9d4fb291c6dadda0564e5ae8d3f"
            },
            "dist": {
                "type": "zip",
                "url": "https://api.github.com/repos/giggsey/libphonenumber-for-php/zipball/f3a55dcb6fead9d4fb291c6dadda0564e5ae8d3f",
                "reference": "f3a55dcb6fead9d4fb291c6dadda0564e5ae8d3f",
                "shasum": ""
            },
            "require": {
                "ext-mbstring": "*",
                "giggsey/locale": "^1.7",
                "php": ">=5.3.2"
            },
            "require-dev": {
                "pear/pear-core-minimal": "^1.9",
                "pear/pear_exception": "^1.0",
                "pear/versioncontrol_git": "^0.5",
                "phing/phing": "^2.7",
                "php-coveralls/php-coveralls": "^1.0|^2.0",
                "phpunit/phpunit": "^4.8.36|^5.0",
                "symfony/console": "^2.8|^3.0"
            },
            "type": "library",
            "extra": {
                "branch-alias": {
                    "dev-master": "8.x-dev"
                }
            },
            "autoload": {
                "psr-4": {
                    "libphonenumber\\": "src/"
                },
                "exclude-from-classmap": [
                    "/src/data/",
                    "/src/carrier/data/",
                    "/src/geocoding/data/",
                    "/src/timezone/data/"
                ]
            },
            "notification-url": "https://packagist.org/downloads/",
            "license": [
                "Apache-2.0"
            ],
            "authors": [
                {
                    "name": "Joshua Gigg",
                    "email": "giggsey@gmail.com",
                    "homepage": "https://giggsey.com/"
                }
            ],
            "description": "PHP Port of Google's libphonenumber",
            "homepage": "https://github.com/giggsey/libphonenumber-for-php",
            "keywords": [
                "geocoding",
                "geolocation",
                "libphonenumber",
                "mobile",
                "phonenumber",
                "validation"
            ],
            "time": "2019-10-30T11:52:30+00:00"
        },
        {
            "name": "giggsey/locale",
            "version": "1.8",
            "source": {
                "type": "git",
                "url": "https://github.com/giggsey/Locale.git",
                "reference": "85a1b251bad11c986fec2a051b10d4b80a5caa1b"
            },
            "dist": {
                "type": "zip",
                "url": "https://api.github.com/repos/giggsey/Locale/zipball/85a1b251bad11c986fec2a051b10d4b80a5caa1b",
                "reference": "85a1b251bad11c986fec2a051b10d4b80a5caa1b",
                "shasum": ""
            },
            "require": {
                "php": ">=5.3.2"
            },
            "require-dev": {
                "pear/pear-core-minimal": "^1.9",
                "pear/pear_exception": "^1.0",
                "pear/versioncontrol_git": "^0.5",
                "phing/phing": "~2.7",
                "php-coveralls/php-coveralls": "^1.0|^2.0",
                "phpunit/phpunit": "^4.8|^5.0",
                "symfony/console": "^2.8|^3.0|^4.0",
                "symfony/filesystem": "^2.8|^3.0|^4.0",
                "symfony/finder": "^2.8|^3.0|^4.0",
                "symfony/process": "^2.8|^3.0|^4.0"
            },
            "type": "library",
            "autoload": {
                "psr-4": {
                    "Giggsey\\Locale\\": "src/"
                }
            },
            "notification-url": "https://packagist.org/downloads/",
            "license": [
                "MIT"
            ],
            "authors": [
                {
                    "name": "Joshua Gigg",
                    "email": "giggsey@gmail.com",
                    "homepage": "http://giggsey.com/"
                }
            ],
            "description": "Locale functions required by libphonenumber-for-php",
            "time": "2019-10-09T18:53:14+00:00"
        },
        {
            "name": "guzzlehttp/guzzle",
            "version": "6.4.1",
            "source": {
                "type": "git",
                "url": "https://github.com/guzzle/guzzle.git",
                "reference": "0895c932405407fd3a7368b6910c09a24d26db11"
            },
            "dist": {
                "type": "zip",
                "url": "https://api.github.com/repos/guzzle/guzzle/zipball/0895c932405407fd3a7368b6910c09a24d26db11",
                "reference": "0895c932405407fd3a7368b6910c09a24d26db11",
                "shasum": ""
            },
            "require": {
                "ext-json": "*",
                "guzzlehttp/promises": "^1.0",
                "guzzlehttp/psr7": "^1.6.1",
                "php": ">=5.5"
            },
            "require-dev": {
                "ext-curl": "*",
                "phpunit/phpunit": "^4.8.35 || ^5.7 || ^6.4 || ^7.0",
                "psr/log": "^1.1"
            },
            "suggest": {
                "psr/log": "Required for using the Log middleware"
            },
            "type": "library",
            "extra": {
                "branch-alias": {
                    "dev-master": "6.3-dev"
                }
            },
            "autoload": {
                "psr-4": {
                    "GuzzleHttp\\": "src/"
                },
                "files": [
                    "src/functions_include.php"
                ]
            },
            "notification-url": "https://packagist.org/downloads/",
            "license": [
                "MIT"
            ],
            "authors": [
                {
                    "name": "Michael Dowling",
                    "email": "mtdowling@gmail.com",
                    "homepage": "https://github.com/mtdowling"
                }
            ],
            "description": "Guzzle is a PHP HTTP client library",
            "homepage": "http://guzzlephp.org/",
            "keywords": [
                "client",
                "curl",
                "framework",
                "http",
                "http client",
                "rest",
                "web service"
            ],
            "time": "2019-10-23T15:58:00+00:00"
        },
        {
            "name": "guzzlehttp/promises",
            "version": "v1.3.1",
            "source": {
                "type": "git",
                "url": "https://github.com/guzzle/promises.git",
                "reference": "a59da6cf61d80060647ff4d3eb2c03a2bc694646"
            },
            "dist": {
                "type": "zip",
                "url": "https://api.github.com/repos/guzzle/promises/zipball/a59da6cf61d80060647ff4d3eb2c03a2bc694646",
                "reference": "a59da6cf61d80060647ff4d3eb2c03a2bc694646",
                "shasum": ""
            },
            "require": {
                "php": ">=5.5.0"
            },
            "require-dev": {
                "phpunit/phpunit": "^4.0"
            },
            "type": "library",
            "extra": {
                "branch-alias": {
                    "dev-master": "1.4-dev"
                }
            },
            "autoload": {
                "psr-4": {
                    "GuzzleHttp\\Promise\\": "src/"
                },
                "files": [
                    "src/functions_include.php"
                ]
            },
            "notification-url": "https://packagist.org/downloads/",
            "license": [
                "MIT"
            ],
            "authors": [
                {
                    "name": "Michael Dowling",
                    "email": "mtdowling@gmail.com",
                    "homepage": "https://github.com/mtdowling"
                }
            ],
            "description": "Guzzle promises library",
            "keywords": [
                "promise"
            ],
            "time": "2016-12-20T10:07:11+00:00"
        },
        {
            "name": "guzzlehttp/psr7",
            "version": "1.6.1",
            "source": {
                "type": "git",
                "url": "https://github.com/guzzle/psr7.git",
                "reference": "239400de7a173fe9901b9ac7c06497751f00727a"
            },
            "dist": {
                "type": "zip",
                "url": "https://api.github.com/repos/guzzle/psr7/zipball/239400de7a173fe9901b9ac7c06497751f00727a",
                "reference": "239400de7a173fe9901b9ac7c06497751f00727a",
                "shasum": ""
            },
            "require": {
                "php": ">=5.4.0",
                "psr/http-message": "~1.0",
                "ralouphie/getallheaders": "^2.0.5 || ^3.0.0"
            },
            "provide": {
                "psr/http-message-implementation": "1.0"
            },
            "require-dev": {
                "ext-zlib": "*",
                "phpunit/phpunit": "~4.8.36 || ^5.7.27 || ^6.5.8"
            },
            "suggest": {
                "zendframework/zend-httphandlerrunner": "Emit PSR-7 responses"
            },
            "type": "library",
            "extra": {
                "branch-alias": {
                    "dev-master": "1.6-dev"
                }
            },
            "autoload": {
                "psr-4": {
                    "GuzzleHttp\\Psr7\\": "src/"
                },
                "files": [
                    "src/functions_include.php"
                ]
            },
            "notification-url": "https://packagist.org/downloads/",
            "license": [
                "MIT"
            ],
            "authors": [
                {
                    "name": "Michael Dowling",
                    "email": "mtdowling@gmail.com",
                    "homepage": "https://github.com/mtdowling"
                },
                {
                    "name": "Tobias Schultze",
                    "homepage": "https://github.com/Tobion"
                }
            ],
            "description": "PSR-7 message implementation that also provides common utility methods",
            "keywords": [
                "http",
                "message",
                "psr-7",
                "request",
                "response",
                "stream",
                "uri",
                "url"
            ],
            "time": "2019-07-01T23:21:34+00:00"
        },
        {
            "name": "michelf/php-markdown",
            "version": "1.8.0",
            "source": {
                "type": "git",
                "url": "https://github.com/michelf/php-markdown.git",
                "reference": "01ab082b355bf188d907b9929cd99b2923053495"
            },
            "dist": {
                "type": "zip",
                "url": "https://api.github.com/repos/michelf/php-markdown/zipball/01ab082b355bf188d907b9929cd99b2923053495",
                "reference": "01ab082b355bf188d907b9929cd99b2923053495",
                "shasum": ""
            },
            "require": {
                "php": ">=5.3.0"
            },
            "type": "library",
            "autoload": {
                "psr-4": {
                    "Michelf\\": "Michelf/"
                }
            },
            "notification-url": "https://packagist.org/downloads/",
            "license": [
                "BSD-3-Clause"
            ],
            "authors": [
                {
                    "name": "Michel Fortin",
                    "email": "michel.fortin@michelf.ca",
                    "homepage": "https://michelf.ca/",
                    "role": "Developer"
                },
                {
                    "name": "John Gruber",
                    "homepage": "https://daringfireball.net/"
                }
            ],
            "description": "PHP Markdown",
            "homepage": "https://michelf.ca/projects/php-markdown/",
            "keywords": [
                "markdown"
            ],
            "time": "2018-01-15T00:49:33+00:00"
        },
        {
            "name": "psr/http-message",
            "version": "1.0.1",
            "source": {
                "type": "git",
                "url": "https://github.com/php-fig/http-message.git",
                "reference": "f6561bf28d520154e4b0ec72be95418abe6d9363"
            },
            "dist": {
                "type": "zip",
                "url": "https://api.github.com/repos/php-fig/http-message/zipball/f6561bf28d520154e4b0ec72be95418abe6d9363",
                "reference": "f6561bf28d520154e4b0ec72be95418abe6d9363",
                "shasum": ""
            },
            "require": {
                "php": ">=5.3.0"
            },
            "type": "library",
            "extra": {
                "branch-alias": {
                    "dev-master": "1.0.x-dev"
                }
            },
            "autoload": {
                "psr-4": {
                    "Psr\\Http\\Message\\": "src/"
                }
            },
            "notification-url": "https://packagist.org/downloads/",
            "license": [
                "MIT"
            ],
            "authors": [
                {
                    "name": "PHP-FIG",
                    "homepage": "http://www.php-fig.org/"
                }
            ],
            "description": "Common interface for HTTP messages",
            "homepage": "https://github.com/php-fig/http-message",
            "keywords": [
                "http",
                "http-message",
                "psr",
                "psr-7",
                "request",
                "response"
            ],
            "time": "2016-08-06T14:39:51+00:00"
        },
        {
            "name": "ralouphie/getallheaders",
            "version": "3.0.3",
            "source": {
                "type": "git",
                "url": "https://github.com/ralouphie/getallheaders.git",
                "reference": "120b605dfeb996808c31b6477290a714d356e822"
            },
            "dist": {
                "type": "zip",
                "url": "https://api.github.com/repos/ralouphie/getallheaders/zipball/120b605dfeb996808c31b6477290a714d356e822",
                "reference": "120b605dfeb996808c31b6477290a714d356e822",
                "shasum": ""
            },
            "require": {
                "php": ">=5.6"
            },
            "require-dev": {
                "php-coveralls/php-coveralls": "^2.1",
                "phpunit/phpunit": "^5 || ^6.5"
            },
            "type": "library",
            "autoload": {
                "files": [
                    "src/getallheaders.php"
                ]
            },
            "notification-url": "https://packagist.org/downloads/",
            "license": [
                "MIT"
            ],
            "authors": [
                {
                    "name": "Ralph Khattar",
                    "email": "ralph.khattar@gmail.com"
                }
            ],
            "description": "A polyfill for getallheaders.",
            "time": "2019-03-08T08:55:37+00:00"
        },
        {
            "name": "tymfrontiers-cdn/php-data",
            "version": "v0.1.4",
            "source": {
                "type": "git",
                "url": "https://github.com/tymfrontiers-cdn/php-data.git",
                "reference": "83620313d2bd7bd0de3e71718737395b8e38254b"
            },
            "dist": {
                "type": "zip",
                "url": "https://api.github.com/repos/tymfrontiers-cdn/php-data/zipball/83620313d2bd7bd0de3e71718737395b8e38254b",
                "reference": "83620313d2bd7bd0de3e71718737395b8e38254b",
                "shasum": ""
            },
            "require": {
                "giggsey/libphonenumber-for-php": ">=8.0@stable",
                "guzzlehttp/guzzle": ">=6.0@stable",
                "php": ">=5.3"
            },
            "type": "library",
            "autoload": {
                "psr-4": {
                    "TymFrontiers\\": "src/"
                }
            },
            "notification-url": "https://packagist.org/downloads/",
            "license": [
                "MIT"
            ],
            "authors": [
                {
                    "name": "Sir Louis",
                    "email": "me@sirlouis.io",
                    "homepage": "https://sirlouis.io",
                    "role": "developer"
                },
                {
                    "name": "Tym Frontiers Ltd",
                    "email": "git@tymfrontiers.com",
                    "homepage": "https://tymfrontiers.com",
                    "role": "developer"
                }
            ],
            "description": "PHP Data manager",
            "homepage": "https://github.com/tymfrontiers-cdn/php-data",
            "keywords": [
                "data",
                "frontiers",
                "manager",
                "php",
                "tym"
            ],
            "time": "2019-10-05T18:10:34+00:00"
        },
        {
            "name": "tymfrontiers-cdn/php-error-log",
            "version": "v0.1",
            "source": {
                "type": "git",
                "url": "https://github.com/tymfrontiers-cdn/php-error-log.git",
                "reference": "dfd7ee16b3a0c9e93afed0ec9518dd84fd7a5ed0"
            },
            "dist": {
                "type": "zip",
                "url": "https://api.github.com/repos/tymfrontiers-cdn/php-error-log/zipball/dfd7ee16b3a0c9e93afed0ec9518dd84fd7a5ed0",
                "reference": "dfd7ee16b3a0c9e93afed0ec9518dd84fd7a5ed0",
                "shasum": ""
            },
            "require": {
                "php": ">=5.3",
                "tymfrontiers-cdn/php-mysql-database": ">=0.1@stable",
                "tymfrontiers-cdn/php-mysql-database-object": ">=0.1@stable",
                "tymfrontiers-cdn/php-pagination": ">=0.1@stable"
            },
            "type": "library",
            "autoload": {
                "psr-4": {
                    "TymFrontiers\\": "src/"
                }
            },
            "notification-url": "https://packagist.org/downloads/",
            "license": [
                "MIT"
            ],
            "authors": [
                {
                    "name": "Sir Louis",
                    "role": "developer",
                    "email": "me@sirlouis.io",
                    "homepage": "https://sirlouis.io"
                },
                {
                    "name": "Tym Frontiers Ltd",
                    "role": "developer",
                    "email": "git@tymfrontiers.com",
                    "homepage": "https://tymfrontiers.com"
                }
            ],
            "description": "PHP error log",
            "homepage": "https://github.com/tymfrontiers-cdn/php-error-log",
            "keywords": [
                "error",
                "frontiers",
                "log",
                "tym"
            ],
            "time": "2019-07-08T03:06:19+00:00"
        },
        {
            "name": "tymfrontiers-cdn/php-generic",
            "version": "v0.1.1",
            "source": {
                "type": "git",
                "url": "https://github.com/tymfrontiers-cdn/php-generic.git",
                "reference": "2abd839edd78a67209a172cc5018c6bc0f832972"
            },
            "dist": {
                "type": "zip",
                "url": "https://api.github.com/repos/tymfrontiers-cdn/php-generic/zipball/2abd839edd78a67209a172cc5018c6bc0f832972",
                "reference": "2abd839edd78a67209a172cc5018c6bc0f832972",
                "shasum": ""
            },
            "require": {
                "php": ">=5.3"
            },
            "type": "library",
            "autoload": {
                "psr-4": {
                    "TymFrontiers\\": "src/"
                }
            },
            "notification-url": "https://packagist.org/downloads/",
            "license": [
                "MIT"
            ],
            "authors": [
                {
                    "name": "Sir Louis",
                    "email": "me@sirlouis.io",
                    "homepage": "https://sirlouis.io",
                    "role": "developer"
                },
                {
                    "name": "Tym Frontiers Ltd",
                    "email": "git@tymfrontiers.com",
                    "homepage": "https://tymfrontiers.com",
                    "role": "developer"
                }
            ],
            "description": "PHP generic functions",
            "homepage": "https://github.com/tymfrontiers-cdn/php-generic",
            "keywords": [
                "frontiers",
                "functions",
                "generic",
                "php",
                "tym"
            ],
            "time": "2019-09-16T14:46:15+00:00"
        },
        {
            "name": "tymfrontiers-cdn/php-http-client",
            "version": "v0.1.1",
            "source": {
                "type": "git",
                "url": "https://github.com/tymfrontiers-cdn/php-http-client.git",
                "reference": "5a97bd64a3d2e0805fecfdab3101418011a5d293"
            },
            "dist": {
                "type": "zip",
                "url": "https://api.github.com/repos/tymfrontiers-cdn/php-http-client/zipball/5a97bd64a3d2e0805fecfdab3101418011a5d293",
                "reference": "5a97bd64a3d2e0805fecfdab3101418011a5d293",
                "shasum": ""
            },
            "require": {
                "php": ">=5.3",
                "tymfrontiers-cdn/php-http-header": ">=0.1@stable",
                "tymfrontiers-cdn/php-validator": ">=0.1@stable"
            },
            "type": "library",
            "autoload": {
                "psr-4": {
                    "TymFrontiers\\HTTP\\": "src/"
                }
            },
            "notification-url": "https://packagist.org/downloads/",
            "license": [
                "MIT"
            ],
            "authors": [
                {
                    "name": "Sir Louis",
                    "email": "me@sirlouis.io",
                    "homepage": "https://sirlouis.io",
                    "role": "developer"
                },
                {
                    "name": "Tym Frontiers Ltd",
                    "email": "git@tymfrontiers.com",
                    "homepage": "https://tymfrontiers.com",
                    "role": "developer"
                }
            ],
            "description": "PHP HTTP request client",
            "homepage": "https://github.com/tymfrontiers-cdn/php-http-client",
            "keywords": [
                "client",
                "frontiers",
                "http",
                "php",
                "tym"
            ],
            "time": "2019-09-19T16:08:50+00:00"
        },
        {
            "name": "tymfrontiers-cdn/php-http-header",
            "version": "v0.1",
            "source": {
                "type": "git",
                "url": "https://github.com/tymfrontiers-cdn/php-http-header.git",
                "reference": "f739fd15b64ab122b947ba7ca48769b8cebbb74c"
            },
            "dist": {
                "type": "zip",
                "url": "https://api.github.com/repos/tymfrontiers-cdn/php-http-header/zipball/f739fd15b64ab122b947ba7ca48769b8cebbb74c",
                "reference": "f739fd15b64ab122b947ba7ca48769b8cebbb74c",
                "shasum": ""
            },
            "require": {
                "php": ">=5.3",
                "tymfrontiers-cdn/php-generic": ">=0.1@stable"
            },
            "type": "library",
            "autoload": {
                "psr-4": {
                    "TymFrontiers\\HTTP\\": "src/"
                }
            },
            "notification-url": "https://packagist.org/downloads/",
            "license": [
                "MIT"
            ],
            "authors": [
                {
                    "name": "Sir Louis",
                    "email": "me@sirlouis.io",
                    "homepage": "https://sirlouis.io",
                    "role": "developer"
                },
                {
                    "name": "Tym Frontiers Ltd",
                    "email": "git@tymfrontiers.com",
                    "homepage": "https://tymfrontiers.com",
                    "role": "developer"
                }
            ],
            "description": "PHP HTTP header manager",
            "homepage": "https://github.com/tymfrontiers-cdn/php-http-header",
            "keywords": [
                "frontiers",
                "header",
                "http",
                "php",
                "tym"
            ],
            "time": "2019-07-08T03:23:27+00:00"
        },
        {
            "name": "tymfrontiers-cdn/php-instance-error",
            "version": "v0.1.1",
            "source": {
                "type": "git",
                "url": "https://github.com/tymfrontiers-cdn/php-instance-error.git",
                "reference": "7d4fc9e2382511e8992b56636c4d2d378e6caf00"
            },
            "dist": {
                "type": "zip",
                "url": "https://api.github.com/repos/tymfrontiers-cdn/php-instance-error/zipball/7d4fc9e2382511e8992b56636c4d2d378e6caf00",
                "reference": "7d4fc9e2382511e8992b56636c4d2d378e6caf00",
                "shasum": ""
            },
            "require": {
                "php": ">=5.3",
                "tymfrontiers-cdn/php-error-log": ">=0.1@stable",
                "tymfrontiers-cdn/php-session": ">=0.1@stable"
            },
            "type": "library",
            "autoload": {
                "psr-4": {
                    "TymFrontiers\\": "src/"
                }
            },
            "notification-url": "https://packagist.org/downloads/",
            "license": [
                "MIT"
            ],
            "authors": [
                {
                    "name": "Sir Louis",
                    "email": "me@sirlouis.io",
                    "homepage": "https://sirlouis.io",
                    "role": "developer"
                },
                {
                    "name": "Tym Frontiers Ltd",
                    "email": "git@tymfrontiers.com",
                    "homepage": "https://tymfrontiers.com",
                    "role": "developer"
                }
            ],
            "description": "PHP Instance Error",
            "homepage": "https://github.com/tymfrontiers-cdn/php-instance-error",
            "keywords": [
                "class",
                "error",
                "frontiers",
                "instance",
                "php",
                "tym"
            ],
            "time": "2019-09-16T16:17:31+00:00"
        },
        {
            "name": "tymfrontiers-cdn/php-location",
            "version": "v0.1",
            "source": {
                "type": "git",
                "url": "https://github.com/tymfrontiers-cdn/php-location.git",
                "reference": "a307cd98dc85ed313d9c04d9077924957ee0a7ed"
            },
            "dist": {
                "type": "zip",
                "url": "https://api.github.com/repos/tymfrontiers-cdn/php-location/zipball/a307cd98dc85ed313d9c04d9077924957ee0a7ed",
                "reference": "a307cd98dc85ed313d9c04d9077924957ee0a7ed",
                "shasum": ""
            },
            "require": {
                "php": ">=5.3",
                "tymfrontiers-cdn/php-multiform": ">=0.1@stable",
                "tymfrontiers-cdn/php-session": ">=0.1@stable",
                "victorybiz/geoip-location": ">=1.0@stable"
            },
            "type": "library",
            "autoload": {
                "psr-4": {
                    "TymFrontiers\\": "src/"
                }
            },
            "notification-url": "https://packagist.org/downloads/",
            "license": [
                "MIT"
            ],
            "authors": [
                {
                    "name": "Sir Louis",
                    "role": "developer",
                    "email": "me@sirlouis.io",
                    "homepage": "https://sirlouis.io"
                },
                {
                    "name": "Tym Frontiers Ltd",
                    "role": "developer",
                    "email": "git@tymfrontiers.com",
                    "homepage": "https://tymfrontiers.com"
                }
            ],
            "description": "Get visitor's basic location information",
            "homepage": "https://github.com/tymfrontiers-cdn/php-location",
            "keywords": [
                "frontiers",
                "location",
                "php",
                "tym"
            ],
            "time": "2019-07-08T03:25:55+00:00"
        },
        {
            "name": "tymfrontiers-cdn/php-multiform",
            "version": "v0.1",
            "source": {
                "type": "git",
                "url": "https://github.com/tymfrontiers-cdn/php-multiform.git",
                "reference": "e0c46232e7aad3d1d42b0b9bc2c66c7b4abe196b"
            },
            "dist": {
                "type": "zip",
                "url": "https://api.github.com/repos/tymfrontiers-cdn/php-multiform/zipball/e0c46232e7aad3d1d42b0b9bc2c66c7b4abe196b",
                "reference": "e0c46232e7aad3d1d42b0b9bc2c66c7b4abe196b",
                "shasum": ""
            },
            "require": {
                "php": ">=5.3",
                "tymfrontiers-cdn/php-mysql-database": ">=0.1@stable",
                "tymfrontiers-cdn/php-mysql-database-object": ">=0.1@stable",
                "tymfrontiers-cdn/php-pagination": ">=0.1@stable"
            },
            "type": "library",
            "autoload": {
                "psr-4": {
                    "TymFrontiers\\": "src/"
                }
            },
            "notification-url": "https://packagist.org/downloads/",
            "license": [
                "MIT"
            ],
            "authors": [
                {
                    "name": "Sir Louis",
                    "role": "developer",
                    "email": "me@sirlouis.io",
                    "homepage": "https://sirlouis.io"
                },
                {
                    "name": "Tym Frontiers Ltd",
                    "role": "developer",
                    "email": "git@tymfrontiers.com",
                    "homepage": "https://tymfrontiers.com"
                }
            ],
            "description": "PHP MultiForm",
            "homepage": "https://github.com/tymfrontiers-cdn/php-multiform",
            "keywords": [
                "Forms",
                "frontiers",
                "php",
                "tym"
            ],
            "time": "2019-07-08T03:27:28+00:00"
        },
        {
            "name": "tymfrontiers-cdn/php-mysql-database",
            "version": "v0.1.2",
            "source": {
                "type": "git",
                "url": "https://github.com/tymfrontiers-cdn/php-mysql-database.git",
                "reference": "c49235373feab56bf9e603100ff10eaf6ce5dd78"
            },
            "dist": {
                "type": "zip",
                "url": "https://api.github.com/repos/tymfrontiers-cdn/php-mysql-database/zipball/c49235373feab56bf9e603100ff10eaf6ce5dd78",
                "reference": "c49235373feab56bf9e603100ff10eaf6ce5dd78",
                "shasum": ""
            },
            "require": {
                "php": ">=5.3"
            },
            "type": "library",
            "autoload": {
                "psr-4": {
                    "TymFrontiers\\": "src/"
                }
            },
            "notification-url": "https://packagist.org/downloads/",
            "license": [
                "MIT"
            ],
            "authors": [
                {
                    "name": "Sir Louis",
                    "email": "me@sirlouis.io",
                    "homepage": "https://sirlouis.io",
                    "role": "developer"
                },
                {
                    "name": "Tym Frontiers Ltd",
                    "email": "git@tymfrontiers.com",
                    "homepage": "https://tymfrontiers.com",
                    "role": "developer"
                }
            ],
            "description": "PHP MySQL Database manager",
            "homepage": "https://github.com/tymfrontiers-cdn/php-mysql-database",
            "keywords": [
                "database",
                "frontiers",
                "manager",
                "mysql",
                "php",
                "tym"
            ],
            "time": "2019-10-23T13:07:05+00:00"
        },
        {
            "name": "tymfrontiers-cdn/php-mysql-database-object",
            "version": "v0.1.1",
            "source": {
                "type": "git",
                "url": "https://github.com/tymfrontiers-cdn/php-mysql-database-object.git",
                "reference": "6b012d292cb8786389a088f13f187bd2b43cec14"
            },
            "dist": {
                "type": "zip",
                "url": "https://api.github.com/repos/tymfrontiers-cdn/php-mysql-database-object/zipball/6b012d292cb8786389a088f13f187bd2b43cec14",
                "reference": "6b012d292cb8786389a088f13f187bd2b43cec14",
                "shasum": ""
            },
            "require": {
                "php": ">=5.3"
            },
            "type": "library",
            "autoload": {
                "psr-4": {
                    "TymFrontiers\\Helper\\": "src/"
                }
            },
            "notification-url": "https://packagist.org/downloads/",
            "license": [
                "MIT"
            ],
            "authors": [
                {
                    "name": "Sir Louis",
                    "email": "me@sirlouis.io",
                    "homepage": "https://sirlouis.io",
                    "role": "developer"
                },
                {
                    "name": "Tym Frontiers Ltd",
                    "email": "git@tymfrontiers.com",
                    "homepage": "https://tymfrontiers.com",
                    "role": "developer"
                }
            ],
            "description": "PHP MySQL Database Object",
            "homepage": "https://github.com/tymfrontiers-cdn/php-mysql-database-object",
            "keywords": [
                "database",
                "frontiers",
                "mysql",
                "object",
                "php",
                "tym"
            ],
            "time": "2019-09-13T13:09:15+00:00"
        },
        {
            "name": "tymfrontiers-cdn/php-pagination",
            "version": "v0.1",
            "source": {
                "type": "git",
                "url": "https://github.com/tymfrontiers-cdn/php-pagination.git",
                "reference": "4df3f61fc7de36b3d1c329442e99c828a6f34eb0"
            },
            "dist": {
                "type": "zip",
                "url": "https://api.github.com/repos/tymfrontiers-cdn/php-pagination/zipball/4df3f61fc7de36b3d1c329442e99c828a6f34eb0",
                "reference": "4df3f61fc7de36b3d1c329442e99c828a6f34eb0",
                "shasum": ""
            },
            "require": {
                "php": ">=5.3"
            },
            "type": "library",
            "autoload": {
                "psr-4": {
                    "TymFrontiers\\Helper\\": "src/"
                }
            },
            "notification-url": "https://packagist.org/downloads/",
            "license": [
                "MIT"
            ],
            "authors": [
                {
                    "name": "Sir Louis",
                    "role": "developer",
                    "email": "me@sirlouis.io",
                    "homepage": "https://sirlouis.io"
                },
                {
                    "name": "Tym Frontiers Ltd",
                    "role": "developer",
                    "email": "git@tymfrontiers.com",
                    "homepage": "https://tymfrontiers.com"
                }
            ],
            "description": "PHP Pagination",
            "homepage": "https://github.com/tymfrontiers-cdn/php-pagination",
            "keywords": [
                "frontiers",
                "pagination",
                "php",
                "tym"
            ],
            "time": "2019-07-08T03:31:03+00:00"
        },
        {
            "name": "tymfrontiers-cdn/php-session",
            "version": "v0.1.1",
            "source": {
                "type": "git",
                "url": "https://github.com/tymfrontiers-cdn/php-session.git",
                "reference": "ad1a7257bf07acc238f1cac6c63d100c7e1cdbfe"
            },
            "dist": {
                "type": "zip",
                "url": "https://api.github.com/repos/tymfrontiers-cdn/php-session/zipball/ad1a7257bf07acc238f1cac6c63d100c7e1cdbfe",
                "reference": "ad1a7257bf07acc238f1cac6c63d100c7e1cdbfe",
                "shasum": ""
            },
            "require": {
                "php": ">=5.3",
                "tymfrontiers-cdn/php-data": ">=0.1@stable",
                "tymfrontiers-cdn/php-location": ">=0.1@stable"
            },
            "type": "library",
            "autoload": {
                "psr-4": {
                    "TymFrontiers\\": "src/"
                }
            },
            "notification-url": "https://packagist.org/downloads/",
            "license": [
                "MIT"
            ],
            "authors": [
                {
                    "name": "Sir Louis",
                    "email": "me@sirlouis.io",
                    "homepage": "https://sirlouis.io",
                    "role": "developer"
                },
                {
                    "name": "Tym Frontiers Ltd",
                    "email": "git@tymfrontiers.com",
                    "homepage": "https://tymfrontiers.com",
                    "role": "developer"
                }
            ],
            "description": "PHP Session",
            "homepage": "https://github.com/tymfrontiers-cdn/php-session",
            "keywords": [
                "frontiers",
                "manager",
                "php",
                "session",
                "tym"
            ],
            "time": "2019-09-16T16:17:43+00:00"
        },
        {
            "name": "tymfrontiers-cdn/php-validator",
            "version": "v0.1.2",
            "source": {
                "type": "git",
                "url": "https://github.com/tymfrontiers-cdn/php-validator.git",
                "reference": "7a1906a3e9f5039f20541fb30e7927048ff229c8"
            },
            "dist": {
                "type": "zip",
                "url": "https://api.github.com/repos/tymfrontiers-cdn/php-validator/zipball/7a1906a3e9f5039f20541fb30e7927048ff229c8",
                "reference": "7a1906a3e9f5039f20541fb30e7927048ff229c8",
                "shasum": ""
            },
            "require": {
                "php": ">=5.3"
            },
            "type": "library",
            "autoload": {
                "psr-4": {
                    "TymFrontiers\\": "src/"
                }
            },
            "notification-url": "https://packagist.org/downloads/",
            "license": [
                "MIT"
            ],
            "authors": [
                {
                    "name": "Sir Louis",
                    "email": "me@sirlouis.io",
                    "homepage": "https://sirlouis.io",
                    "role": "developer"
                },
                {
                    "name": "Tym Frontiers Ltd",
                    "email": "git@tymfrontiers.com",
                    "homepage": "https://tymfrontiers.com",
                    "role": "developer"
                }
            ],
            "description": "PHP Validator",
            "homepage": "https://github.com/tymfrontiers-cdn/php-validator",
            "keywords": [
                "frontiers",
                "php",
                "tym",
                "validator"
            ],
            "time": "2019-10-21T02:15:06+00:00"
        },
        {
            "name": "victorybiz/geoip-location",
            "version": "v1.0.2",
            "source": {
                "type": "git",
                "url": "https://github.com/victorybiz/geoip-location.git",
                "reference": "d0d52f9e547cfaa5d66d1762a48dbbf6e0c2b057"
            },
            "dist": {
                "type": "zip",
                "url": "https://api.github.com/repos/victorybiz/geoip-location/zipball/d0d52f9e547cfaa5d66d1762a48dbbf6e0c2b057",
                "reference": "d0d52f9e547cfaa5d66d1762a48dbbf6e0c2b057",
                "shasum": ""
            },
            "require": {
                "guzzlehttp/guzzle": "6.*",
                "php": ">=5.6"
            },
            "require-dev": {
                "phpunit/phpunit": "~5.7"
            },
            "type": "library",
            "autoload": {
                "psr-4": {
                    "Victorybiz\\GeoIPLocation\\": "src"
                }
            },
            "notification-url": "https://packagist.org/downloads/",
            "license": [
                "MIT"
            ],
            "authors": [
                {
                    "name": "Victory Osayi",
                    "email": "lavictorybiz@gmail.com"
                }
            ],
            "description": "Get the geographical location of website visitors based on their IP addresses. Support Laravel 5 and PHP (Non-Laravel) Project.",
            "keywords": [
                "geoip",
                "github",
                "laravel",
                "laravel 5",
                "open source",
                "php"
            ],
            "time": "2018-01-17T16:21:12+00:00"
        }
    ],
    "packages-dev": [],
    "aliases": [],
    "minimum-stability": "stable",
    "stability-flags": {
        "tymfrontiers-cdn/php-data": 0,
        "tymfrontiers-cdn/php-session": 0,
        "tymfrontiers-cdn/php-generic": 0,
        "tymfrontiers-cdn/php-error-log": 0,
        "tymfrontiers-cdn/php-instance-error": 0,
        "tymfrontiers-cdn/php-http-header": 0,
        "tymfrontiers-cdn/php-http-client": 0,
        "tymfrontiers-cdn/php-validator": 0,
        "michelf/php-markdown": 0
    },
    "prefer-stable": false,
    "prefer-lowest": false,
    "platform": [],
    "platform-dev": []
}
